
Microsoft Visual Studio Solution File, Format Version 12.00
# Visual Studio Version 17
VisualStudioVersion = 17.0.31903.59
MinimumVisualStudioVersion = 10.0.40219.1
Project("{FAE04EC0-301F-11D3-BF4B-00C04F79EFBC}") = "API", "API\API.csproj", "{17D4EDBE-6E38-4D96-A935-4BECA69CC1AE}"
EndProject
Global
	GlobalSection(SolutionConfigurationPlatforms) = preSolution
		Debug|Any CPU = Debug|Any CPU
		Release|Any CPU = Release|Any CPU
	EndGlobalSection
	GlobalSection(SolutionProperties) = preSolution
		HideSolutionNode = FALSE
	EndGlobalSection
	GlobalSection(ProjectConfigurationPlatforms) = postSolution
		{17D4EDBE-6E38-4D96-A935-4BECA69CC1AE}.Debug|Any CPU.ActiveCfg = Debug|Any CPU
		{17D4EDBE-6E38-4D96-A935-4BECA69CC1AE}.Debug|Any CPU.Build.0 = Debug|Any CPU
		{17D4EDBE-6E38-4D96-A935-4BECA69CC1AE}.Release|Any CPU.ActiveCfg = Release|Any CPU
		{17D4EDBE-6E38-4D96-A935-4BECA69CC1AE}.Release|Any CPU.Build.0 = Release|Any CPU
	EndGlobalSection
EndGlobal
